
Microsoft Visual Studio Solution File, Format Version 12.00
# Visual Studio 15
VisualStudioVersion = 15.0.26430.6
MinimumVisualStudioVersion = 10.0.40219.1
Project("{FAE04EC0-301F-11D3-BF4B-00C04F79EFBC}") = "FileDb", "FileDb.csproj", "{32E3EAA2-8B30-4207-A596-00F939B766BB}"
EndProject
Global
	GlobalSection(SolutionConfigurationPlatforms) = preSolution
		Debug|Any CPU = Debug|Any CPU
		Release|Any CPU = Release|Any CPU
	EndGlobalSection
	GlobalSection(ProjectConfigurationPlatforms) = postSolution
		{32E3EAA2-8B30-4207-A596-00F939B766BB}.Debug|Any CPU.ActiveCfg = Debug|Any CPU
		{32E3EAA2-8B30-4207-A596-00F939B766BB}.Debug|Any CPU.Build.0 = Debug|Any CPU
		{32E3EAA2-8B30-4207-A596-00F939B766BB}.Release|Any CPU.ActiveCfg = Release|Any CPU
		{32E3EAA2-8B30-4207-A596-00F939B766BB}.Release|Any CPU.Build.0 = Release|Any CPU
	EndGlobalSection
	GlobalSection(SolutionProperties) = preSolution
		HideSolutionNode = FALSE
	EndGlobalSection
EndGlobal
